// !$*UTF8*$!
{
	archiveVersion = 1;
	classes = {
	};
	objectVersion = 56;
	objects = {

/* Begin PBXBuildFile section */
		18E6F73C2B6599D1004FB42B /* Pokemon_CardApp.swift in Sources */ = {isa = PBXBuildFile; fileRef = 18E6F73B2B6599D1004FB42B /* Pokemon_CardApp.swift */; };
		18E6F73E2B6599D1004FB42B /* ContentView.swift in Sources */ = {isa = PBXBuildFile; fileRef = 18E6F73D2B6599D1004FB42B /* ContentView.swift */; };
		18E6F7402B6599D3004FB42B /* Assets.xcassets in Resources */ = {isa = PBXBuildFile; fileRef = 18E6F73F2B6599D3004FB42B /* Assets.xcassets */; };
		18E6F7432B6599D3004FB42B /* Preview Assets.xcassets in Resources */ = {isa = PBXBuildFile; fileRef = 18E6F7422B6599D3004FB42B /* Preview Assets.xcassets */; };
		18E6F74D2B6599D3004FB42B /* Pokemon_CardTests.swift in Sources */ = {isa = PBXBuildFile; fileRef = 18E6F74C2B6599D3004FB42B /* Pokemon_CardTests.swift */; };
		18E6F7572B6599D3004FB42B /* Pokemon_CardUITests.swift in Sources */ = {isa = PBXBuildFile; fileRef = 18E6F7562B6599D3004FB42B /* Pokemon_CardUITests.swift */; };
		18E6F7592B6599D3004FB42B /* Pokemon_CardUITestsLaunchTests.swift in Sources */ = {isa = PBXBuildFile; fileRef = 18E6F7582B6599D3004FB42B /* Pokemon_CardUITestsLaunchTests.swift */; };
/* End PBXBuildFile section */

/* Begin PBXContainerItemProxy section */
		18E6F7492B6599D3004FB42B /* PBXContainerItemProxy */ = {
			isa = PBXContainerItemProxy;
			containerPortal = 18E6F7302B6599D1004FB42B /* Project object */;
			proxyType = 1;
			remoteGlobalIDString = 18E6F7372B6599D1004FB42B;
			remoteInfo = "Pokemon Card";
		};
		18E6F7532B6599D3004FB42B /* PBXContainerItemProxy */ = {
			isa = PBXContainerItemProxy;
			containerPortal = 18E6F7302B6599D1004FB42B /* Project object */;
			proxyType = 1;
			remoteGlobalIDString = 18E6F7372B6599D1004FB42B;
			remoteInfo = "Pokemon Card";
		};
/* End PBXContainerItemProxy section */

/* Begin PBXFileReference section */
		18E6F7382B6599D1004FB42B /* Pokemon Card.app */ = {isa = PBXFileReference; explicitFileType = wrapper.application; includeInIndex = 0; path = "Pokemon Card.app"; sourceTree = BUILT_PRODUCTS_DIR; };
		18E6F73B2B6599D1004FB42B /* Pokemon_CardApp.swift */ = {isa = PBXFileReference; lastKnownFileType = sourcecode.swift; path = Pokemon_CardApp.swift; sourceTree = "<group>"; };
		18E6F73D2B6599D1004FB42B /* ContentView.swift */ = {isa = PBXFileReference; lastKnownFileType = sourcecode.swift; path = ContentView.swift; sourceTree = "<group>"; };
		18E6F73F2B6599D3004FB42B /* Assets.xcassets */ = {isa = PBXFileReference; lastKnownFileType = folder.assetcatalog; path = Assets.xcassets; sourceTree = "<group>"; };
		18E6F7422B6599D3004FB42B /* Preview Assets.xcassets */ = {isa = PBXFileReference; lastKnownFileType = folder.assetcatalog; path = "Preview Assets.xcassets"; sourceTree = "<group>"; };
		18E6F7482B6599D3004FB42B /* Pokemon CardTests.xctest */ = {isa = PBXFileReference; explicitFileType = wrapper.cfbundle; includeInIndex = 0; path = "Pokemon CardTests.xctest"; sourceTree = BUILT_PRODUCTS_DIR; };
		18E6F74C2B6599D3004FB42B /* Pokemon_CardTests.swift */ = {isa = PBXFileReference; lastKnownFileType = sourcecode.swift; path = Pokemon_CardTests.swift; sourceTree = "<group>"; };
		18E6F7522B6599D3004FB42B /* Pokemon CardUITests.xctest */ = {isa = PBXFileReference; explicitFileType = wrapper.cfbundle; includeInIndex = 0; path = "Pokemon CardUITests.xctest"; sourceTree = BUILT_PRODUCTS_DIR; };
		18E6F7562B6599D3004FB42B /* Pokemon_CardUITests.swift */ = {isa = PBXFileReference; lastKnownFileType = sourcecode.swift; path = Pokemon_CardUITests.swift; sourceTree = "<group>"; };
		18E6F7582B6599D3004FB42B /* Pokemon_CardUITestsLaunchTests.swift */ = {isa = PBXFileReference; lastKnownFileType = sourcecode.swift; path = Pokemon_CardUITestsLaunchTests.swift; sourceTree = "<group>"; };
/* End PBXFileReference section */

/* Begin PBXFrameworksBuildPhase section */
		18E6F7352B6599D1004FB42B /* Frameworks */ = {
			isa = PBXFrameworksBuildPhase;
			buildActionMask = 2147483647;
			files = (
			);
			runOnlyForDeploymentPostprocessing = 0;
		};
		18E6F7452B6599D3004FB42B /* Frameworks */ = {
			isa = PBXFrameworksBuildPhase;
			buildActionMask = 2147483647;
			files = (
			);
			runOnlyForDeploymentPostprocessing = 0;
		};
		18E6F74F2B6599D3004FB42B /* Frameworks */ = {
			isa = PBXFrameworksBuildPhase;
			buildActionMask = 2147483647;
			files = (
			);
			runOnlyForDeploymentPostprocessing = 0;
		};
/* End PBXFrameworksBuildPhase section */

/* Begin PBXGroup section */
		18E6F72F2B6599D1004FB42B = {
			isa = PBXGroup;
			children = (
				18E6F73A2B6599D1004FB42B /* Pokemon Card */,
				18E6F74B2B6599D3004FB42B /* Pokemon CardTests */,
				18E6F7552B6599D3004FB42B /* Pokemon CardUITests */,
				18E6F7392B6599D1004FB42B /* Products */,
			);
			sourceTree = "<group>";
		};
		18E6F7392B6599D1004FB42B /* Products */ = {
			isa = PBXGroup;
			children = (
				18E6F7382B6599D1004FB42B /* Pokemon Card.app */,
				18E6F7482B6599D3004FB42B /* Pokemon CardTests.xctest */,
				18E6F7522B6599D3004FB42B /* Pokemon CardUITests.xctest */,
			);
			name = Products;
			sourceTree = "<group>";
		};
		18E6F73A2B6599D1004FB42B /* Pokemon Card */ = {
			isa = PBXGroup;
			children = (
				18E6F73B2B6599D1004FB42B /* Pokemon_CardApp.swift */,
				18E6F73D2B6599D1004FB42B /* ContentView.swift */,
				18E6F73F2B6599D3004FB42B /* Assets.xcassets */,
				18E6F7412B6599D3004FB42B /* Preview Content */,
			);
			path = "Pokemon Card";
			sourceTree = "<group>";
		};
		18E6F7412B6599D3004FB42B /* Preview Content */ = {
			isa = PBXGroup;
			children = (
				18E6F7422B6599D3004FB42B /* Preview Assets.xcassets */,
			);
			path = "Preview Content";
			sourceTree = "<group>";
		};
		18E6F74B2B6599D3004FB42B /* Pokemon CardTests */ = {
			isa = PBXGroup;
			children = (
				18E6F74C2B6599D3004FB42B /* Pokemon_CardTests.swift */,
			);
			path = "Pokemon CardTests";
			sourceTree = "<group>";
		};
		18E6F7552B6599D3004FB42B /* Pokemon CardUITests */ = {
			isa = PBXGroup;
			children = (
				18E6F7562B6599D3004FB42B /* Pokemon_CardUITests.swift */,
				18E6F7582B6599D3004FB42B /* Pokemon_CardUITestsLaunchTests.swift */,
			);
			path = "Pokemon CardUITests";
			sourceTree = "<group>";
		};
/* End PBXGroup section */

/* Begin PBXNativeTarget section */
		18E6F7372B6599D1004FB42B /* Pokemon Card */ = {
			isa = PBXNativeTarget;
			buildConfigurationList = 18E6F75C2B6599D3004FB42B /* Build configuration list for PBXNativeTarget "Pokemon Card" */;
			buildPhases = (
				18E6F7342B6599D1004FB42B /* Sources */,
				18E6F7352B6599D1004FB42B /* Frameworks */,
				18E6F7362B6599D1004FB42B /* Resources */,
			);
			buildRules = (
			);
			dependencies = (
			);
			name = "Pokemon Card";
			productName = "Pokemon Card";
			productReference = 18E6F7382B6599D1004FB42B /* Pokemon Card.app */;
			productType = "com.apple.product-type.application";
		};
		18E6F7472B6599D3004FB42B /* Pokemon CardTests */ = {
			isa = PBXNativeTarget;
			buildConfigurationList = 18E6F75F2B6599D3004FB42B /* Build configuration list for PBXNativeTarget "Pokemon CardTests" */;
			buildPhases = (
				18E6F7442B6599D3004FB42B /* Sources */,
				18E6F7452B6599D3004FB42B /* Frameworks */,
				18E6F7462B6599D3004FB42B /* Resources */,
			);
			buildRules = (
			);
			dependencies = (
				18E6F74A2B6599D3004FB42B /* PBXTargetDependency */,
			);
			name = "Pokemon CardTests";
			productName = "Pokemon CardTests";
			productReference = 18E6F7482B6599D3004FB42B /* Pokemon CardTests.xctest */;
			productType = "com.apple.product-type.bundle.unit-test";
		};
		18E6F7512B6599D3004FB42B /* Pokemon CardUITests */ = {
			isa = PBXNativeTarget;
			buildConfigurationList = 18E6F7622B6599D3004FB42B /* Build configuration list for PBXNativeTarget "Pokemon CardUITests" */;
			buildPhases = (
				18E6F74E2B6599D3004FB42B /* Sources */,
				18E6F74F2B6599D3004FB42B /* Frameworks */,
				18E6F7502B6599D3004FB42B /* Resources */,
			);
			buildRules = (
			);
			dependencies = (
				18E6F7542B6599D3004FB42B /* PBXTargetDependency */,
			);
			name = "Pokemon CardUITests";
			productName = "Pokemon CardUITests";
			productReference = 18E6F7522B6599D3004FB42B /* Pokemon CardUITests.xctest */;
			productType = "com.apple.product-type.bundle.ui-testing";
		};
/* End PBXNativeTarget section */

/* Begin PBXProject section */
		18E6F7302B6599D1004FB42B /* Project object */ = {
			isa = PBXProject;
			attributes = {
				BuildIndependentTargetsInParallel = 1;
				LastSwiftUpdateCheck = 1520;
				LastUpgradeCheck = 1520;
				TargetAttributes = {
					18E6F7372B6599D1004FB42B = {
						CreatedOnToolsVersion = 15.2;
					};
					18E6F7472B6599D3004FB42B = {
						CreatedOnToolsVersion = 15.2;
						TestTargetID = 18E6F7372B6599D1004FB42B;
					};
					18E6F7512B6599D3004FB42B = {
						CreatedOnToolsVersion = 15.2;
						TestTargetID = 18E6F7372B6599D1004FB42B;
					};
				};
			};
			buildConfigurationList = 18E6F7332B6599D1004FB42B /* Build configuration list for PBXProject "Pokemon Card" */;
			compatibilityVersion = "Xcode 14.0";
			developmentRegion = en;
			hasScannedForEncodings = 0;
			knownRegions = (
				en,
				Base,
			);
			mainGroup = 18E6F72F2B6599D1004FB42B;
			productRefGroup = 18E6F7392B6599D1004FB42B /* Products */;
			projectDirPath = "";
			projectRoot = "";
			targets = (
				18E6F7372B6599D1004FB42B /* Pokemon Card */,
				18E6F7472B6599D3004FB42B /* Pokemon CardTests */,
				18E6F7512B6599D3004FB42B /* Pokemon CardUITests */,
			);
		};
/* End PBXProject section */

/* Begin PBXResourcesBuildPhase section */
		18E6F7362B6599D1004FB42B /* Resources */ = {
			isa = PBXResourcesBuildPhase;
			buildActionMask = 2147483647;
			files = (
				18E6F7432B6599D3004FB42B /* Preview Assets.xcassets in Resources */,
				18E6F7402B6599D3004FB42B /* Assets.xcassets in Resources */,
			);
			runOnlyForDeploymentPostprocessing = 0;
		};
		18E6F7462B6599D3004FB42B /* Resources */ = {
			isa = PBXResourcesBuildPhase;
			buildActionMask = 2147483647;
			files = (
			);
			runOnlyForDeploymentPostprocessing = 0;
		};
		18E6F7502B6599D3004FB42B /* Resources */ = {
			isa = PBXResourcesBuildPhase;
			buildActionMask = 2147483647;
			files = (
			);
			runOnlyForDeploymentPostprocessing = 0;
		};
/* End PBXResourcesBuildPhase section */

/* Begin PBXSourcesBuildPhase section */
		18E6F7342B6599D1004FB42B /* Sources */ = {
			isa = PBXSourcesBuildPhase;
			buildActionMask = 2147483647;
			files = (
				18E6F73E2B6599D1004FB42B /* ContentView.swift in Sources */,
				18E6F73C2B6599D1004FB42B /* Pokemon_CardApp.swift in Sources */,
			);
			runOnlyForDeploymentPostprocessing = 0;
		};
		18E6F7442B6599D3004FB42B /* Sources */ = {
			isa = PBXSourcesBuildPhase;
			buildActionMask = 2147483647;
			files = (
				18E6F74D2B6599D3004FB42B /* Pokemon_CardTests.swift in Sources */,
			);
			runOnlyForDeploymentPostprocessing = 0;
		};
		18E6F74E2B6599D3004FB42B /* Sources */ = {
			isa = PBXSourcesBuildPhase;
			buildActionMask = 2147483647;
			files = (
				18E6F7592B6599D3004FB42B /* Pokemon_CardUITestsLaunchTests.swift in Sources */,
				18E6F7572B6599D3004FB42B /* Pokemon_CardUITests.swift in Sources */,
			);
			runOnlyForDeploymentPostprocessing = 0;
		};
/* End PBXSourcesBuildPhase section */

/* Begin PBXTargetDependency section */
		18E6F74A2B6599D3004FB42B /* PBXTargetDependency */ = {
			isa = PBXTargetDependency;
			target = 18E6F7372B6599D1004FB42B /* Pokemon Card */;
			targetProxy = 18E6F7492B6599D3004FB42B /* PBXContainerItemProxy */;
		};
		18E6F7542B6599D3004FB42B /* PBXTargetDependency */ = {
			isa = PBXTargetDependency;
			target = 18E6F7372B6599D1004FB42B /* Pokemon Card */;
			targetProxy = 18E6F7532B6599D3004FB42B /* PBXContainerItemProxy */;
		};
/* End PBXTargetDependency section */

/* Begin XCBuildConfiguration section */
		18E6F75A2B6599D3004FB42B /* Debug */ = {
			isa = XCBuildConfiguration;
			buildSettings = {
				ALWAYS_SEARCH_USER_PATHS = NO;
				ASSETCATALOG_COMPILER_GENERATE_SWIFT_ASSET_SYMBOL_EXTENSIONS = YES;
				CLANG_ANALYZER_NONNULL = YES;
				CLANG_ANALYZER_NUMBER_OBJECT_CONVERSION = YES_AGGRESSIVE;
				CLANG_CXX_LANGUAGE_STANDARD = "gnu++20";
				CLANG_ENABLE_MODULES = YES;
				CLANG_ENABLE_OBJC_ARC = YES;
				CLANG_ENABLE_OBJC_WEAK = YES;
				CLANG_WARN_BLOCK_CAPTURE_AUTORELEASING = YES;
				CLANG_WARN_BOOL_CONVERSION = YES;
				CLANG_WARN_COMMA = YES;
				CLANG_WARN_CONSTANT_CONVERSION = YES;
				CLANG_WARN_DEPRECATED_OBJC_IMPLEMENTATIONS = YES;
				CLANG_WARN_DIRECT_OBJC_ISA_USAGE = YES_ERROR;
				CLANG_WARN_DOCUMENTATION_COMMENTS = YES;
				CLANG_WARN_EMPTY_BODY = YES;
				CLANG_WARN_ENUM_CONVERSION = YES;
				CLANG_WARN_INFINITE_RECURSION = YES;
				CLANG_WARN_INT_CONVERSION = YES;
				CLANG_WARN_NON_LITERAL_NULL_CONVERSION = YES;
				CLANG_WARN_OBJC_IMPLICIT_RETAIN_SELF = YES;
				CLANG_WARN_OBJC_LITERAL_CONVERSION = YES;
				CLANG_WARN_OBJC_ROOT_CLASS = YES_ERROR;
				CLANG_WARN_QUOTED_INCLUDE_IN_FRAMEWORK_HEADER = YES;
				CLANG_WARN_RANGE_LOOP_ANALYSIS = YES;
				CLANG_WARN_STRICT_PROTOTYPES = YES;
				CLANG_WARN_SUSPICIOUS_MOVE = YES;
				CLANG_WARN_UNGUARDED_AVAILABILITY = YES_AGGRESSIVE;
				CLANG_WARN_UNREACHABLE_CODE = YES;
				CLANG_WARN__DUPLICATE_METHOD_MATCH = YES;
				COPY_PHASE_STRIP = NO;
				DEBUG_INFORMATION_FORMAT = dwarf;
				ENABLE_STRICT_OBJC_MSGSEND = YES;
				ENABLE_TESTABILITY = YES;
				ENABLE_USER_SCRIPT_SANDBOXING = YES;
				GCC_C_LANGUAGE_STANDARD = gnu17;
				GCC_DYNAMIC_NO_PIC = NO;
				GCC_NO_COMMON_BLOCKS = YES;
				GCC_OPTIMIZATION_LEVEL = 0;
				GCC_PREPROCESSOR_DEFINITIONS = (
					"DEBUG=1",
					"$(inherited)",
				);
				GCC_WARN_64_TO_32_BIT_CONVERSION = YES;
				GCC_WARN_ABOUT_RETURN_TYPE = YES_ERROR;
				GCC_WARN_UNDECLARED_SELECTOR = YES;
				GCC_WARN_UNINITIALIZED_AUTOS = YES_AGGRESSIVE;
				GCC_WARN_UNUSED_FUNCTION = YES;
				GCC_WARN_UNUSED_VARIABLE = YES;
				IPHONEOS_DEPLOYMENT_TARGET = 17.2;
				LOCALIZATION_PREFERS_STRING_CATALOGS = YES;
				MTL_ENABLE_DEBUG_INFO = INCLUDE_SOURCE;
				MTL_FAST_MATH = YES;
				ONLY_ACTIVE_ARCH = YES;
				SDKROOT = iphoneos;
				SWIFT_ACTIVE_COMPILATION_CONDITIONS = "DEBUG $(inherited)";
				SWIFT_OPTIMIZATION_LEVEL = "-Onone";
			};
			name = Debug;
		};
		18E6F75B2B6599D3004FB42B /* Release */ = {
			isa = XCBuildConfiguration;
			buildSettings = {
				ALWAYS_SEARCH_USER_PATHS = NO;
				ASSETCATALOG_COMPILER_GENERATE_SWIFT_ASSET_SYMBOL_EXTENSIONS = YES;
				CLANG_ANALYZER_NONNULL = YES;
				CLANG_ANALYZER_NUMBER_OBJECT_CONVERSION = YES_AGGRESSIVE;
				CLANG_CXX_LANGUAGE_STANDARD = "gnu++20";
				CLANG_ENABLE_MODULES = YES;
				CLANG_ENABLE_OBJC_ARC = YES;
				CLANG_ENABLE_OBJC_WEAK = YES;
				CLANG_WARN_BLOCK_CAPTURE_AUTORELEASING = YES;
				CLANG_WARN_BOOL_CONVERSION = YES;
				CLANG_WARN_COMMA = YES;
				CLANG_WARN_CONSTANT_CONVERSION = YES;
				CLANG_WARN_DEPRECATED_OBJC_IMPLEMENTATIONS = YES;
				CLANG_WARN_DIRECT_OBJC_ISA_USAGE = YES_ERROR;
				CLANG_WARN_DOCUMENTATION_COMMENTS = YES;
				CLANG_WARN_EMPTY_BODY = YES;
				CLANG_WARN_ENUM_CONVERSION = YES;
				CLANG_WARN_INFINITE_RECURSION = YES;
				CLANG_WARN_INT_CONVERSION = YES;
				CLANG_WARN_NON_LITERAL_NULL_CONVERSION = YES;
				CLANG_WARN_OBJC_IMPLICIT_RETAIN_SELF = YES;
				CLANG_WARN_OBJC_LITERAL_CONVERSION = YES;
				CLANG_WARN_OBJC_ROOT_CLASS = YES_ERROR;
				CLANG_WARN_QUOTED_INCLUDE_IN_FRAMEWORK_HEADER = YES;
				CLANG_WARN_RANGE_LOOP_ANALYSIS = YES;
				CLANG_WARN_STRICT_PROTOTYPES = YES;
				CLANG_WARN_SUSPICIOUS_MOVE = YES;
				CLANG_WARN_UNGUARDED_AVAILABILITY = YES_AGGRESSIVE;
				CLANG_WARN_UNREACHABLE_CODE = YES;
				CLANG_WARN__DUPLICATE_METHOD_MATCH = YES;
				COPY_PHASE_STRIP = NO;
				DEBUG_INFORMATION_FORMAT = "dwarf-with-dsym";
				ENABLE_NS_ASSERTIONS = NO;
				ENABLE_STRICT_OBJC_MSGSEND = YES;
				ENABLE_USER_SCRIPT_SANDBOXING = YES;
				GCC_C_LANGUAGE_STANDARD = gnu17;
				GCC_NO_COMMON_BLOCKS = YES;
				GCC_WARN_64_TO_32_BIT_CONVERSION = YES;
				GCC_WARN_ABOUT_RETURN_TYPE = YES_ERROR;
				GCC_WARN_UNDECLARED_SELECTOR = YES;
				GCC_WARN_UNINITIALIZED_AUTOS = YES_AGGRESSIVE;
				GCC_WARN_UNUSED_FUNCTION = YES;
				GCC_WARN_UNUSED_VARIABLE = YES;
				IPHONEOS_DEPLOYMENT_TARGET = 17.2;
				LOCALIZATION_PREFERS_STRING_CATALOGS = YES;
				MTL_ENABLE_DEBUG_INFO = NO;
				MTL_FAST_MATH = YES;
				SDKROOT = iphoneos;
				SWIFT_COMPILATION_MODE = wholemodule;
				VALIDATE_PRODUCT = YES;
			};
			name = Release;
		};
		18E6F75D2B6599D3004FB42B /* Debug */ = {
			isa = XCBuildConfiguration;
			buildSettings = {
				ASSETCATALOG_COMPILER_APPICON_NAME = AppIcon;
				ASSETCATALOG_COMPILER_GLOBAL_ACCENT_COLOR_NAME = AccentColor;
				CODE_SIGN_STYLE = Automatic;
				CURRENT_PROJECT_VERSION = 1;
				DEVELOPMENT_ASSET_PATHS = "\"Pokemon Card/Preview Content\"";
				DEVELOPMENT_TEAM = 5NV8N7BRAH;
				ENABLE_PREVIEWS = YES;
				GENERATE_INFOPLIST_FILE = YES;
				INFOPLIST_KEY_UIApplicationSceneManifest_Generation = YES;
				INFOPLIST_KEY_UIApplicationSupportsIndirectInputEvents = YES;
				INFOPLIST_KEY_UILaunchScreen_Generation = YES;
				INFOPLIST_KEY_UISupportedInterfaceOrientations_iPad = "UIInterfaceOrientationPortrait UIInterfaceOrientationPortraitUpsideDown UIInterfaceOrientationLandscapeLeft UIInterfaceOrientationLandscapeRight";
				INFOPLIST_KEY_UISupportedInterfaceOrientations_iPhone = "UIInterfaceOrientationPortrait UIInterfaceOrientationLandscapeLeft UIInterfaceOrientationLandscapeRight";
				LD_RUNPATH_SEARCH_PATHS = (
					"$(inherited)",
					"@executable_path/Frameworks",
				);
				MARKETING_VERSION = 1.0;
				PRODUCT_BUNDLE_IDENTIFIER = "Me.Pokemon-Card";
				PRODUCT_NAME = "$(TARGET_NAME)";
				SWIFT_EMIT_LOC_STRINGS = YES;
				SWIFT_VERSION = 5.0;
				TARGETED_DEVICE_FAMILY = "1,2";
			};
			name = Debug;
		};
		18E6F75E2B6599D3004FB42B /* Release */ = {
			isa = XCBuildConfiguration;
			buildSettings = {
				ASSETCATALOG_COMPILER_APPICON_NAME = AppIcon;
				ASSETCATALOG_COMPILER_GLOBAL_ACCENT_COLOR_NAME = AccentColor;
				CODE_SIGN_STYLE = Automatic;
				CURRENT_PROJECT_VERSION = 1;
				DEVELOPMENT_ASSET_PATHS = "\"Pokemon Card/Preview Content\"";
				DEVELOPMENT_TEAM = 5NV8N7BRAH;
				ENABLE_PREVIEWS = YES;
				GENERATE_INFOPLIST_FILE = YES;
				INFOPLIST_KEY_UIApplicationSceneManifest_Generation = YES;
				INFOPLIST_KEY_UIApplicationSupportsIndirectInputEvents = YES;
				INFOPLIST_KEY_UILaunchScreen_Generation = YES;
				INFOPLIST_KEY_UISupportedInterfaceOrientations_iPad = "UIInterfaceOrientationPortrait UIInterfaceOrientationPortraitUpsideDown UIInterfaceOrientationLandscapeLeft UIInterfaceOrientationLandscapeRight";
				INFOPLIST_KEY_UISupportedInterfaceOrientations_iPhone = "UIInterfaceOrientationPortrait UIInterfaceOrientationLandscapeLeft UIInterfaceOrientationLandscapeRight";
				LD_RUNPATH_SEARCH_PATHS = (
					"$(inherited)",
					"@executable_path/Frameworks",
				);
				MARKETING_VERSION = 1.0;
				PRODUCT_BUNDLE_IDENTIFIER = "Me.Pokemon-Card";
				PRODUCT_NAME = "$(TARGET_NAME)";
				SWIFT_EMIT_LOC_STRINGS = YES;
				SWIFT_VERSION = 5.0;
				TARGETED_DEVICE_FAMILY = "1,2";
			};
			name = Release;
		};
		18E6F7602B6599D3004FB42B /* Debug */ = {
			isa = XCBuildConfiguration;
			buildSettings = {
				ALWAYS_EMBED_SWIFT_STANDARD_LIBRARIES = YES;
				BUNDLE_LOADER = "$(TEST_HOST)";
				CODE_SIGN_STYLE = Automatic;
				CURRENT_PROJECT_VERSION = 1;
				GENERATE_INFOPLIST_FILE = YES;
				IPHONEOS_DEPLOYMENT_TARGET = 17.2;
				MARKETING_VERSION = 1.0;
				PRODUCT_BUNDLE_IDENTIFIER = "Me.Pokemon-CardTests";
				PRODUCT_NAME = "$(TARGET_NAME)";
				SWIFT_EMIT_LOC_STRINGS = NO;
				SWIFT_VERSION = 5.0;
				TARGETED_DEVICE_FAMILY = "1,2";
				TEST_HOST = "$(BUILT_PRODUCTS_DIR)/Pokemon Card.app/$(BUNDLE_EXECUTABLE_FOLDER_PATH)/Pokemon Card";
			};
			name = Debug;
		};
		18E6F7612B6599D3004FB42B /* Release */ = {
			isa = XCBuildConfiguration;
			buildSettings = {
				ALWAYS_EMBED_SWIFT_STANDARD_LIBRARIES = YES;
				BUNDLE_LOADER = "$(TEST_HOST)";
				CODE_SIGN_STYLE = Automatic;
				CURRENT_PROJECT_VERSION = 1;
				GENERATE_INFOPLIST_FILE = YES;
				IPHONEOS_DEPLOYMENT_TARGET = 17.2;
				MARKETING_VERSION = 1.0;
				PRODUCT_BUNDLE_IDENTIFIER = "Me.Pokemon-CardTests";
				PRODUCT_NAME = "$(TARGET_NAME)";
				SWIFT_EMIT_LOC_STRINGS = NO;
				SWIFT_VERSION = 5.0;
				TARGETED_DEVICE_FAMILY = "1,2";
				TEST_HOST = "$(BUILT_PRODUCTS_DIR)/Pokemon Card.app/$(BUNDLE_EXECUTABLE_FOLDER_PATH)/Pokemon Card";
			};
			name = Release;
		};
		18E6F7632B6599D3004FB42B /* Debug */ = {
			isa = XCBuildConfiguration;
			buildSettings = {
				ALWAYS_EMBED_SWIFT_STANDARD_LIBRARIES = YES;
				CODE_SIGN_STYLE = Automatic;
				CURRENT_PROJECT_VERSION = 1;
				GENERATE_INFOPLIST_FILE = YES;
				MARKETING_VERSION = 1.0;
				PRODUCT_BUNDLE_IDENTIFIER = "Me.Pokemon-CardUITests";
				PRODUCT_NAME = "$(TARGET_NAME)";
				SWIFT_EMIT_LOC_STRINGS = NO;
				SWIFT_VERSION = 5.0;
				TARGETED_DEVICE_FAMILY = "1,2";
				TEST_TARGET_NAME = "Pokemon Card";
			};
			name = Debug;
		};
		18E6F7642B6599D3004FB42B /* Release */ = {
			isa = XCBuildConfiguration;
			buildSettings = {
				ALWAYS_EMBED_SWIFT_STANDARD_LIBRARIES = YES;
				CODE_SIGN_STYLE = Automatic;
				CURRENT_PROJECT_VERSION = 1;
				GENERATE_INFOPLIST_FILE = YES;
				MARKETING_VERSION = 1.0;
				PRODUCT_BUNDLE_IDENTIFIER = "Me.Pokemon-CardUITests";
				PRODUCT_NAME = "$(TARGET_NAME)";
				SWIFT_EMIT_LOC_STRINGS = NO;
				SWIFT_VERSION = 5.0;
				TARGETED_DEVICE_FAMILY = "1,2";
				TEST_TARGET_NAME = "Pokemon Card";
			};
			name = Release;
		};
/* End XCBuildConfiguration section */

/* Begin XCConfigurationList section */
		18E6F7332B6599D1004FB42B /* Build configuration list for PBXProject "Pokemon Card" */ = {
			isa = XCConfigurationList;
			buildConfigurations = (
				18E6F75A2B6599D3004FB42B /* Debug */,
				18E6F75B2B6599D3004FB42B /* Release */,
			);
			defaultConfigurationIsVisible = 0;
			defaultConfigurationName = Release;
		};
		18E6F75C2B6599D3004FB42B /* Build configuration list for PBXNativeTarget "Pokemon Card" */ = {
			isa = XCConfigurationList;
			buildConfigurations = (
				18E6F75D2B6599D3004FB42B /* Debug */,
				18E6F75E2B6599D3004FB42B /* Release */,
			);
			defaultConfigurationIsVisible = 0;
			defaultConfigurationName = Release;
		};
		18E6F75F2B6599D3004FB42B /* Build configuration list for PBXNativeTarget "Pokemon CardTests" */ = {
			isa = XCConfigurationList;
			buildConfigurations = (
				18E6F7602B6599D3004FB42B /* Debug */,
				18E6F7612B6599D3004FB42B /* Release */,
			);
			defaultConfigurationIsVisible = 0;
			defaultConfigurationName = Release;
		};
		18E6F7622B6599D3004FB42B /* Build configuration list for PBXNativeTarget "Pokemon CardUITests" */ = {
			isa = XCConfigurationList;
			buildConfigurations = (
				18E6F7632B6599D3004FB42B /* Debug */,
				18E6F7642B6599D3004FB42B /* Release */,
			);
			defaultConfigurationIsVisible = 0;
			defaultConfigurationName = Release;
		};
/* End XCConfigurationList section */
	};
	rootObject = 18E6F7302B6599D1004FB42B /* Project object */;
}
